
Microsoft Visual Studio Solution File, Format Version 12.00
# Visual Studio Version 17
VisualStudioVersion = 17.0.31903.59
MinimumVisualStudioVersion = 10.0.40219.1
Project("{2150E333-8FDC-42A3-9474-1A3956D46DE8}") = "ET.Globals", "ET.Globals", "{83D0B2C3-0ADC-A062-67CD-49C75D4D8054}"
	ProjectSection(SolutionItems) = preProject
		.gitignore = .gitignore
		global.json = global.json
		.editorconfig = .editorconfig
		.config\dotnet-tools.json = .config\dotnet-tools.json
		Directory.Build.props = Directory.Build.props
	EndProjectSection
EndProject
Project("{2150E333-8FDC-42A3-9474-1A3956D46DE8}") = "src", "src", "{4EC85197-376D-455E-ABCD-1243959CF830}"
EndProject
Project("{2150E333-8FDC-42A3-9474-1A3956D46DE8}") = "tests", "tests", "{C34832E7-17B6-4BFE-AD12-5F5BE071F9B8}"
EndProject
Project("{FAE04EC0-301F-11D3-BF4B-00C04F79EFBC}") = "ET.Tracking", "src\ET.Tracking\ET.Tracking.csproj", "{CC1BFEF8-6798-4596-AD32-2C9A9BDAF442}"
EndProject
Project("{FAE04EC0-301F-11D3-BF4B-00C04F79EFBC}") = "ET.Tracking.Specs", "tests\ET.Tracking.Specs\ET.Tracking.Specs.csproj", "{C33F6E00-A125-47EE-BEEE-89280144C06D}"
EndProject
Global
	GlobalSection(SolutionConfigurationPlatforms) = preSolution
		Debug|Any CPU = Debug|Any CPU
		Release|Any CPU = Release|Any CPU
	EndGlobalSection
	GlobalSection(ProjectConfigurationPlatforms) = postSolution
		{CC1BFEF8-6798-4596-AD32-2C9A9BDAF442}.Debug|Any CPU.ActiveCfg = Debug|Any CPU
		{CC1BFEF8-6798-4596-AD32-2C9A9BDAF442}.Debug|Any CPU.Build.0 = Debug|Any CPU
		{CC1BFEF8-6798-4596-AD32-2C9A9BDAF442}.Release|Any CPU.ActiveCfg = Release|Any CPU
		{CC1BFEF8-6798-4596-AD32-2C9A9BDAF442}.Release|Any CPU.Build.0 = Release|Any CPU
		{C33F6E00-A125-47EE-BEEE-89280144C06D}.Debug|Any CPU.ActiveCfg = Debug|Any CPU
		{C33F6E00-A125-47EE-BEEE-89280144C06D}.Debug|Any CPU.Build.0 = Debug|Any CPU
		{C33F6E00-A125-47EE-BEEE-89280144C06D}.Release|Any CPU.ActiveCfg = Release|Any CPU
		{C33F6E00-A125-47EE-BEEE-89280144C06D}.Release|Any CPU.Build.0 = Release|Any CPU
	EndGlobalSection
	GlobalSection(SolutionProperties) = preSolution
		HideSolutionNode = FALSE
	EndGlobalSection
	GlobalSection(NestedProjects) = preSolution
		{CC1BFEF8-6798-4596-AD32-2C9A9BDAF442} = {4EC85197-376D-455E-ABCD-1243959CF830}
		{C33F6E00-A125-47EE-BEEE-89280144C06D} = {C34832E7-17B6-4BFE-AD12-5F5BE071F9B8}
	EndGlobalSection
EndGlobal
